// !$*UTF8*$!
{
	archiveVersion = 1;
	classes = {
	};
	objectVersion = 46;
	objects = {

/* Begin PBXBuildFile section */
		FB02A37D17C8F64A00381B9A /* Foundation.framework in Frameworks */ = {isa = PBXBuildFile; fileRef = FB02A37C17C8F64A00381B9A /* Foundation.framework */; };
		FB02A37F17C8F64A00381B9A /* CoreGraphics.framework in Frameworks */ = {isa = PBXBuildFile; fileRef = FB02A37E17C8F64A00381B9A /* CoreGraphics.framework */; };
		FB02A38117C8F64A00381B9A /* UIKit.framework in Frameworks */ = {isa = PBXBuildFile; fileRef = FB02A38017C8F64A00381B9A /* UIKit.framework */; };
		FB02A38717C8F64B00381B9A /* InfoPlist.strings in Resources */ = {isa = PBXBuildFile; fileRef = FB02A38517C8F64B00381B9A /* InfoPlist.strings */; };
		FB02A38917C8F64B00381B9A /* main.m in Sources */ = {isa = PBXBuildFile; fileRef = FB02A38817C8F64B00381B9A /* main.m */; };
		FB02A38D17C8F64B00381B9A /* AppDelegate.m in Sources */ = {isa = PBXBuildFile; fileRef = FB02A38C17C8F64B00381B9A /* AppDelegate.m */; };
		FB02A39017C8F64B00381B9A /* Main_iPhone.storyboard in Resources */ = {isa = PBXBuildFile; fileRef = FB02A38E17C8F64B00381B9A /* Main_iPhone.storyboard */; };
		FB02A39317C8F64B00381B9A /* Main_iPad.storyboard in Resources */ = {isa = PBXBuildFile; fileRef = FB02A39117C8F64B00381B9A /* Main_iPad.storyboard */; };
		FB02A39617C8F64B00381B9A /* FirstViewController.m in Sources */ = {isa = PBXBuildFile; fileRef = FB02A39517C8F64B00381B9A /* FirstViewController.m */; };
		FB02A39917C8F64B00381B9A /* SecondViewController.m in Sources */ = {isa = PBXBuildFile; fileRef = FB02A39817C8F64B00381B9A /* SecondViewController.m */; };
		FB02A39B17C8F64B00381B9A /* Images.xcassets in Resources */ = {isa = PBXBuildFile; fileRef = FB02A39A17C8F64B00381B9A /* Images.xcassets */; };
		FB02A3A217C8F64B00381B9A /* XCTest.framework in Frameworks */ = {isa = PBXBuildFile; fileRef = FB02A3A117C8F64B00381B9A /* XCTest.framework */; };
		FB02A3A317C8F64B00381B9A /* Foundation.framework in Frameworks */ = {isa = PBXBuildFile; fileRef = FB02A37C17C8F64A00381B9A /* Foundation.framework */; };
		FB02A3A417C8F64B00381B9A /* UIKit.framework in Frameworks */ = {isa = PBXBuildFile; fileRef = FB02A38017C8F64A00381B9A /* UIKit.framework */; };
		FB02A3AC17C8F64B00381B9A /* InfoPlist.strings in Resources */ = {isa = PBXBuildFile; fileRef = FB02A3AA17C8F64B00381B9A /* InfoPlist.strings */; };
		FB02A3AE17C8F64B00381B9A /* Sandwich_iOSTests.m in Sources */ = {isa = PBXBuildFile; fileRef = FB02A3AD17C8F64B00381B9A /* Sandwich_iOSTests.m */; };
		FB0AC79C17E4005200D9F75B /* DBHandlerWrapper.m in Sources */ = {isa = PBXBuildFile; fileRef = FB0AC79B17E4005200D9F75B /* DBHandlerWrapper.m */; };
		FB4B9B9817C9BDF80018616F /* DBManager.m in Sources */ = {isa = PBXBuildFile; fileRef = FB4B9B9417C9B1AB0018616F /* DBManager.m */; };
		FB4B9B9917C9BDF80018616F /* Peer.m in Sources */ = {isa = PBXBuildFile; fileRef = FB4B9B9717C9B2BC0018616F /* Peer.m */; };
		FB4B9B9B17C9BF8D0018616F /* libsqlite3.dylib in Frameworks */ = {isa = PBXBuildFile; fileRef = FB4B9B9A17C9BF8D0018616F /* libsqlite3.dylib */; };
		FB4B9BA017C9CC660018616F /* Bootstrapper.m in Sources */ = {isa = PBXBuildFile; fileRef = FB4B9B9D17C9C85D0018616F /* Bootstrapper.m */; };
		FB4B9BA117C9CC6B0018616F /* ConnectionManager.m in Sources */ = {isa = PBXBuildFile; fileRef = FB4B9B9F17C9CA2D0018616F /* ConnectionManager.m */; };
		FB4B9BA417CA58850018616F /* MainHandler.m in Sources */ = {isa = PBXBuildFile; fileRef = FB4B9BA317CA55BF0018616F /* MainHandler.m */; };
		FB4B9BA717CA932B0018616F /* SearchManager.m in Sources */ = {isa = PBXBuildFile; fileRef = FB4B9BA617CA932B0018616F /* SearchManager.m */; };
		FB614CBD17DF923A005E3F38 /* BootstrapManager.m in Sources */ = {isa = PBXBuildFile; fileRef = FB614CBC17DF923A005E3F38 /* BootstrapManager.m */; };
		FB7D257917CBE64200540131 /* IndexDownloader.m in Sources */ = {isa = PBXBuildFile; fileRef = FB7D257817CBE64200540131 /* IndexDownloader.m */; };
		FB96BDC217DB9350002FD8FD /* SearchRunner.m in Sources */ = {isa = PBXBuildFile; fileRef = FB96BDC117DB9350002FD8FD /* SearchRunner.m */; };
		FB96BDC817DB9953002FD8FD /* SearchResult.m in Sources */ = {isa = PBXBuildFile; fileRef = FB96BDC717DB9953002FD8FD /* SearchResult.m */; };
/* End PBXBuildFile section */

/* Begin PBXContainerItemProxy section */
		FB02A3A517C8F64B00381B9A /* PBXContainerItemProxy */ = {
			isa = PBXContainerItemProxy;
			containerPortal = FB02A37117C8F64A00381B9A /* Project object */;
			proxyType = 1;
			remoteGlobalIDString = FB02A37817C8F64A00381B9A;
			remoteInfo = Sandwich_iOS;
		};
/* End PBXContainerItemProxy section */

/* Begin PBXFileReference section */
		FB02A37917C8F64A00381B9A /* Sandwich_iOS.app */ = {isa = PBXFileReference; explicitFileType = wrapper.application; includeInIndex = 0; path = Sandwich_iOS.app; sourceTree = BUILT_PRODUCTS_DIR; };
		FB02A37C17C8F64A00381B9A /* Foundation.framework */ = {isa = PBXFileReference; lastKnownFileType = wrapper.framework; name = Foundation.framework; path = System/Library/Frameworks/Foundation.framework; sourceTree = SDKROOT; };
		FB02A37E17C8F64A00381B9A /* CoreGraphics.framework */ = {isa = PBXFileReference; lastKnownFileType = wrapper.framework; name = CoreGraphics.framework; path = System/Library/Frameworks/CoreGraphics.framework; sourceTree = SDKROOT; };
		FB02A38017C8F64A00381B9A /* UIKit.framework */ = {isa = PBXFileReference; lastKnownFileType = wrapper.framework; name = UIKit.framework; path = System/Library/Frameworks/UIKit.framework; sourceTree = SDKROOT; };
		FB02A38417C8F64B00381B9A /* Sandwich_iOS-Info.plist */ = {isa = PBXFileReference; lastKnownFileType = text.plist.xml; path = "Sandwich_iOS-Info.plist"; sourceTree = "<group>"; };
		FB02A38617C8F64B00381B9A /* en */ = {isa = PBXFileReference; lastKnownFileType = text.plist.strings; name = en; path = en.lproj/InfoPlist.strings; sourceTree = "<group>"; };
		FB02A38817C8F64B00381B9A /* main.m */ = {isa = PBXFileReference; lastKnownFileType = sourcecode.c.objc; path = main.m; sourceTree = "<group>"; };
		FB02A38A17C8F64B00381B9A /* Sandwich_iOS-Prefix.pch */ = {isa = PBXFileReference; lastKnownFileType = sourcecode.c.h; path = "Sandwich_iOS-Prefix.pch"; sourceTree = "<group>"; };
		FB02A38B17C8F64B00381B9A /* AppDelegate.h */ = {isa = PBXFileReference; lastKnownFileType = sourcecode.c.h; path = AppDelegate.h; sourceTree = "<group>"; };
		FB02A38C17C8F64B00381B9A /* AppDelegate.m */ = {isa = PBXFileReference; lastKnownFileType = sourcecode.c.objc; path = AppDelegate.m; sourceTree = "<group>"; };
		FB02A38F17C8F64B00381B9A /* Base */ = {isa = PBXFileReference; lastKnownFileType = file.storyboard; name = Base; path = Base.lproj/Main_iPhone.storyboard; sourceTree = "<group>"; };
		FB02A39217C8F64B00381B9A /* Base */ = {isa = PBXFileReference; lastKnownFileType = file.storyboard; name = Base; path = Base.lproj/Main_iPad.storyboard; sourceTree = "<group>"; };
		FB02A39417C8F64B00381B9A /* FirstViewController.h */ = {isa = PBXFileReference; lastKnownFileType = sourcecode.c.h; path = FirstViewController.h; sourceTree = "<group>"; };
		FB02A39517C8F64B00381B9A /* FirstViewController.m */ = {isa = PBXFileReference; lastKnownFileType = sourcecode.c.objc; path = FirstViewController.m; sourceTree = "<group>"; };
		FB02A39717C8F64B00381B9A /* SecondViewController.h */ = {isa = PBXFileReference; lastKnownFileType = sourcecode.c.h; path = SecondViewController.h; sourceTree = "<group>"; };
		FB02A39817C8F64B00381B9A /* SecondViewController.m */ = {isa = PBXFileReference; lastKnownFileType = sourcecode.c.objc; path = SecondViewController.m; sourceTree = "<group>"; };
		FB02A39A17C8F64B00381B9A /* Images.xcassets */ = {isa = PBXFileReference; lastKnownFileType = folder.assetcatalog; path = Images.xcassets; sourceTree = "<group>"; };
		FB02A3A017C8F64B00381B9A /* Sandwich_iOSTests.xctest */ = {isa = PBXFileReference; explicitFileType = wrapper.cfbundle; includeInIndex = 0; path = Sandwich_iOSTests.xctest; sourceTree = BUILT_PRODUCTS_DIR; };
		FB02A3A117C8F64B00381B9A /* XCTest.framework */ = {isa = PBXFileReference; lastKnownFileType = wrapper.framework; name = XCTest.framework; path = Library/Frameworks/XCTest.framework; sourceTree = DEVELOPER_DIR; };
		FB02A3A917C8F64B00381B9A /* Sandwich_iOSTests-Info.plist */ = {isa = PBXFileReference; lastKnownFileType = text.plist.xml; path = "Sandwich_iOSTests-Info.plist"; sourceTree = "<group>"; };
		FB02A3AB17C8F64B00381B9A /* en */ = {isa = PBXFileReference; lastKnownFileType = text.plist.strings; name = en; path = en.lproj/InfoPlist.strings; sourceTree = "<group>"; };
		FB02A3AD17C8F64B00381B9A /* Sandwich_iOSTests.m */ = {isa = PBXFileReference; lastKnownFileType = sourcecode.c.objc; path = Sandwich_iOSTests.m; sourceTree = "<group>"; };
		FB0AC79A17E4005200D9F75B /* DBHandlerWrapper.h */ = {isa = PBXFileReference; fileEncoding = 4; lastKnownFileType = sourcecode.c.h; name = DBHandlerWrapper.h; path = Sandwich_iOS/DBHandlerWrapper.h; sourceTree = "<group>"; };
		FB0AC79B17E4005200D9F75B /* DBHandlerWrapper.m */ = {isa = PBXFileReference; fileEncoding = 4; lastKnownFileType = sourcecode.c.objc; name = DBHandlerWrapper.m; path = Sandwich_iOS/DBHandlerWrapper.m; sourceTree = "<group>"; };
		FB4B9B9317C9B1AB0018616F /* DBManager.h */ = {isa = PBXFileReference; lastKnownFileType = sourcecode.c.h; name = DBManager.h; path = Sandwich_iOS/DBManager.h; sourceTree = "<group>"; };
		FB4B9B9417C9B1AB0018616F /* DBManager.m */ = {isa = PBXFileReference; lastKnownFileType = sourcecode.c.objc; name = DBManager.m; path = Sandwich_iOS/DBManager.m; sourceTree = "<group>"; };
		FB4B9B9617C9B2BC0018616F /* Peer.h */ = {isa = PBXFileReference; lastKnownFileType = sourcecode.c.h; name = Peer.h; path = Sandwich_iOS/Peer.h; sourceTree = "<group>"; };
		FB4B9B9717C9B2BC0018616F /* Peer.m */ = {isa = PBXFileReference; lastKnownFileType = sourcecode.c.objc; name = Peer.m; path = Sandwich_iOS/Peer.m; sourceTree = "<group>"; };
		FB4B9B9A17C9BF8D0018616F /* libsqlite3.dylib */ = {isa = PBXFileReference; lastKnownFileType = "compiled.mach-o.dylib"; name = libsqlite3.dylib; path = usr/lib/libsqlite3.dylib; sourceTree = SDKROOT; };
		FB4B9B9C17C9C85D0018616F /* Bootstrapper.h */ = {isa = PBXFileReference; lastKnownFileType = sourcecode.c.h; name = Bootstrapper.h; path = Sandwich_iOS/Bootstrapper.h; sourceTree = "<group>"; };
		FB4B9B9D17C9C85D0018616F /* Bootstrapper.m */ = {isa = PBXFileReference; lastKnownFileType = sourcecode.c.objc; name = Bootstrapper.m; path = Sandwich_iOS/Bootstrapper.m; sourceTree = "<group>"; };
		FB4B9B9E17C9CA2D0018616F /* ConnectionManager.h */ = {isa = PBXFileReference; lastKnownFileType = sourcecode.c.h; name = ConnectionManager.h; path = Sandwich_iOS/ConnectionManager.h; sourceTree = "<group>"; };
		FB4B9B9F17C9CA2D0018616F /* ConnectionManager.m */ = {isa = PBXFileReference; lastKnownFileType = sourcecode.c.objc; name = ConnectionManager.m; path = Sandwich_iOS/ConnectionManager.m; sourceTree = "<group>"; };
		FB4B9BA217CA55BF0018616F /* MainHandler.h */ = {isa = PBXFileReference; lastKnownFileType = sourcecode.c.h; path = MainHandler.h; sourceTree = "<group>"; };
		FB4B9BA317CA55BF0018616F /* MainHandler.m */ = {isa = PBXFileReference; lastKnownFileType = sourcecode.c.objc; path = MainHandler.m; sourceTree = "<group>"; };
		FB4B9BA517CA932B0018616F /* SearchManager.h */ = {isa = PBXFileReference; fileEncoding = 4; lastKnownFileType = sourcecode.c.h; path = SearchManager.h; sourceTree = "<group>"; };
		FB4B9BA617CA932B0018616F /* SearchManager.m */ = {isa = PBXFileReference; fileEncoding = 4; lastKnownFileType = sourcecode.c.objc; path = SearchManager.m; sourceTree = "<group>"; };
		FB614CBB17DF923A005E3F38 /* BootstrapManager.h */ = {isa = PBXFileReference; fileEncoding = 4; lastKnownFileType = sourcecode.c.h; path = BootstrapManager.h; sourceTree = "<group>"; };
		FB614CBC17DF923A005E3F38 /* BootstrapManager.m */ = {isa = PBXFileReference; fileEncoding = 4; lastKnownFileType = sourcecode.c.objc; path = BootstrapManager.m; sourceTree = "<group>"; };
		FB7D257717CBE64200540131 /* IndexDownloader.h */ = {isa = PBXFileReference; fileEncoding = 4; lastKnownFileType = sourcecode.c.h; path = IndexDownloader.h; sourceTree = "<group>"; };
		FB7D257817CBE64200540131 /* IndexDownloader.m */ = {isa = PBXFileReference; fileEncoding = 4; lastKnownFileType = sourcecode.c.objc; path = IndexDownloader.m; sourceTree = "<group>"; };
		FB96BDC017DB9350002FD8FD /* SearchRunner.h */ = {isa = PBXFileReference; fileEncoding = 4; lastKnownFileType = sourcecode.c.h; path = SearchRunner.h; sourceTree = "<group>"; };
		FB96BDC117DB9350002FD8FD /* SearchRunner.m */ = {isa = PBXFileReference; fileEncoding = 4; lastKnownFileType = sourcecode.c.objc; path = SearchRunner.m; sourceTree = "<group>"; };
		FB96BDC617DB9953002FD8FD /* SearchResult.h */ = {isa = PBXFileReference; fileEncoding = 4; lastKnownFileType = sourcecode.c.h; path = SearchResult.h; sourceTree = "<group>"; };
		FB96BDC717DB9953002FD8FD /* SearchResult.m */ = {isa = PBXFileReference; fileEncoding = 4; lastKnownFileType = sourcecode.c.objc; path = SearchResult.m; sourceTree = "<group>"; };
/* End PBXFileReference section */

/* Begin PBXFrameworksBuildPhase section */
		FB02A37617C8F64A00381B9A /* Frameworks */ = {
			isa = PBXFrameworksBuildPhase;
			buildActionMask = 2147483647;
			files = (
				FB4B9B9B17C9BF8D0018616F /* libsqlite3.dylib in Frameworks */,
				FB02A37F17C8F64A00381B9A /* CoreGraphics.framework in Frameworks */,
				FB02A38117C8F64A00381B9A /* UIKit.framework in Frameworks */,
				FB02A37D17C8F64A00381B9A /* Foundation.framework in Frameworks */,
			);
			runOnlyForDeploymentPostprocessing = 0;
		};
		FB02A39D17C8F64B00381B9A /* Frameworks */ = {
			isa = PBXFrameworksBuildPhase;
			buildActionMask = 2147483647;
			files = (
				FB02A3A217C8F64B00381B9A /* XCTest.framework in Frameworks */,
				FB02A3A417C8F64B00381B9A /* UIKit.framework in Frameworks */,
				FB02A3A317C8F64B00381B9A /* Foundation.framework in Frameworks */,
			);
			runOnlyForDeploymentPostprocessing = 0;
		};
/* End PBXFrameworksBuildPhase section */

/* Begin PBXGroup section */
		FB02A37017C8F64A00381B9A = {
			isa = PBXGroup;
			children = (
				FB02A38217C8F64B00381B9A /* Sandwich_iOS */,
				FB02A3A717C8F64B00381B9A /* Sandwich_iOSTests */,
				FB02A37B17C8F64A00381B9A /* Frameworks */,
				FB02A37A17C8F64A00381B9A /* Products */,
			);
			sourceTree = "<group>";
		};
		FB02A37A17C8F64A00381B9A /* Products */ = {
			isa = PBXGroup;
			children = (
				FB02A37917C8F64A00381B9A /* Sandwich_iOS.app */,
				FB02A3A017C8F64B00381B9A /* Sandwich_iOSTests.xctest */,
			);
			name = Products;
			sourceTree = "<group>";
		};
		FB02A37B17C8F64A00381B9A /* Frameworks */ = {
			isa = PBXGroup;
			children = (
				FB4B9B9A17C9BF8D0018616F /* libsqlite3.dylib */,
				FB02A37C17C8F64A00381B9A /* Foundation.framework */,
				FB02A37E17C8F64A00381B9A /* CoreGraphics.framework */,
				FB02A38017C8F64A00381B9A /* UIKit.framework */,
				FB02A3A117C8F64B00381B9A /* XCTest.framework */,
			);
			name = Frameworks;
			sourceTree = "<group>";
		};
		FB02A38217C8F64B00381B9A /* Sandwich_iOS */ = {
			isa = PBXGroup;
			children = (
				FB4B9BA817CA933E0018616F /* Backend */,
				FB4B9B9517C9B1BC0018616F /* Frontend */,
				FB02A39A17C8F64B00381B9A /* Images.xcassets */,
				FB02A38317C8F64B00381B9A /* Supporting Files */,
			);
			path = Sandwich_iOS;
			sourceTree = "<group>";
		};
		FB02A38317C8F64B00381B9A /* Supporting Files */ = {
			isa = PBXGroup;
			children = (
				FB02A38417C8F64B00381B9A /* Sandwich_iOS-Info.plist */,
				FB02A38517C8F64B00381B9A /* InfoPlist.strings */,
				FB02A38817C8F64B00381B9A /* main.m */,
				FB02A38A17C8F64B00381B9A /* Sandwich_iOS-Prefix.pch */,
			);
			name = "Supporting Files";
			sourceTree = "<group>";
		};
		FB02A3A717C8F64B00381B9A /* Sandwich_iOSTests */ = {
			isa = PBXGroup;
			children = (
				FB02A3AD17C8F64B00381B9A /* Sandwich_iOSTests.m */,
				FB02A3A817C8F64B00381B9A /* Supporting Files */,
			);
			path = Sandwich_iOSTests;
			sourceTree = "<group>";
		};
		FB02A3A817C8F64B00381B9A /* Supporting Files */ = {
			isa = PBXGroup;
			children = (
				FB02A3A917C8F64B00381B9A /* Sandwich_iOSTests-Info.plist */,
				FB02A3AA17C8F64B00381B9A /* InfoPlist.strings */,
			);
			name = "Supporting Files";
			sourceTree = "<group>";
		};
		FB4B9B9517C9B1BC0018616F /* Frontend */ = {
			isa = PBXGroup;
			children = (
				FB02A38B17C8F64B00381B9A /* AppDelegate.h */,
				FB02A38C17C8F64B00381B9A /* AppDelegate.m */,
				FB02A38E17C8F64B00381B9A /* Main_iPhone.storyboard */,
				FB02A39117C8F64B00381B9A /* Main_iPad.storyboard */,
				FB02A39417C8F64B00381B9A /* FirstViewController.h */,
				FB02A39517C8F64B00381B9A /* FirstViewController.m */,
				FB02A39717C8F64B00381B9A /* SecondViewController.h */,
				FB02A39817C8F64B00381B9A /* SecondViewController.m */,
			);
			name = Frontend;
			sourceTree = "<group>";
		};
		FB4B9BA817CA933E0018616F /* Backend */ = {
			isa = PBXGroup;
			children = (
				FB4B9BA217CA55BF0018616F /* MainHandler.h */,
				FB4B9BA317CA55BF0018616F /* MainHandler.m */,
				FBA95FE117DC20750029913A /* Search */,
				FB4B9B9317C9B1AB0018616F /* DBManager.h */,
				FB4B9B9417C9B1AB0018616F /* DBManager.m */,
				FB4B9B9617C9B2BC0018616F /* Peer.h */,
				FB4B9B9717C9B2BC0018616F /* Peer.m */,
				FB4B9B9C17C9C85D0018616F /* Bootstrapper.h */,
				FB4B9B9D17C9C85D0018616F /* Bootstrapper.m */,
				FB614CBB17DF923A005E3F38 /* BootstrapManager.h */,
				FB614CBC17DF923A005E3F38 /* BootstrapManager.m */,
				FB4B9B9E17C9CA2D0018616F /* ConnectionManager.h */,
				FB4B9B9F17C9CA2D0018616F /* ConnectionManager.m */,
				FB7D257717CBE64200540131 /* IndexDownloader.h */,
				FB7D257817CBE64200540131 /* IndexDownloader.m */,
				FB0AC79A17E4005200D9F75B /* DBHandlerWrapper.h */,
				FB0AC79B17E4005200D9F75B /* DBHandlerWrapper.m */,
			);
			name = Backend;
			path = ..;
			sourceTree = "<group>";
		};
		FBA95FE117DC20750029913A /* Search */ = {
			isa = PBXGroup;
			children = (
				FB4B9BA517CA932B0018616F /* SearchManager.h */,
				FB4B9BA617CA932B0018616F /* SearchManager.m */,
				FB96BDC017DB9350002FD8FD /* SearchRunner.h */,
				FB96BDC117DB9350002FD8FD /* SearchRunner.m */,
				FB96BDC617DB9953002FD8FD /* SearchResult.h */,
				FB96BDC717DB9953002FD8FD /* SearchResult.m */,
			);
			name = Search;
			sourceTree = "<group>";
		};
/* End PBXGroup section */

/* Begin PBXNativeTarget section */
		FB02A37817C8F64A00381B9A /* Sandwich_iOS */ = {
			isa = PBXNativeTarget;
			buildConfigurationList = FB02A3B117C8F64B00381B9A /* Build configuration list for PBXNativeTarget "Sandwich_iOS" */;
			buildPhases = (
				FB02A37517C8F64A00381B9A /* Sources */,
				FB02A37617C8F64A00381B9A /* Frameworks */,
				FB02A37717C8F64A00381B9A /* Resources */,
			);
			buildRules = (
			);
			dependencies = (
			);
			name = Sandwich_iOS;
			productName = Sandwich_iOS;
			productReference = FB02A37917C8F64A00381B9A /* Sandwich_iOS.app */;
			productType = "com.apple.product-type.application";
		};
		FB02A39F17C8F64B00381B9A /* Sandwich_iOSTests */ = {
			isa = PBXNativeTarget;
			buildConfigurationList = FB02A3B417C8F64B00381B9A /* Build configuration list for PBXNativeTarget "Sandwich_iOSTests" */;
			buildPhases = (
				FB02A39C17C8F64B00381B9A /* Sources */,
				FB02A39D17C8F64B00381B9A /* Frameworks */,
				FB02A39E17C8F64B00381B9A /* Resources */,
			);
			buildRules = (
			);
			dependencies = (
				FB02A3A617C8F64B00381B9A /* PBXTargetDependency */,
			);
			name = Sandwich_iOSTests;
			productName = Sandwich_iOSTests;
			productReference = FB02A3A017C8F64B00381B9A /* Sandwich_iOSTests.xctest */;
			productType = "com.apple.product-type.bundle.unit-test";
		};
/* End PBXNativeTarget section */

/* Begin PBXProject section */
		FB02A37117C8F64A00381B9A /* Project object */ = {
			isa = PBXProject;
			attributes = {
				LastUpgradeCheck = 0500;
				ORGANIZATIONNAME = "Diego Waxemberg";
				TargetAttributes = {
					FB02A39F17C8F64B00381B9A = {
						TestTargetID = FB02A37817C8F64A00381B9A;
					};
				};
			};
			buildConfigurationList = FB02A37417C8F64A00381B9A /* Build configuration list for PBXProject "Sandwich_iOS" */;
			compatibilityVersion = "Xcode 3.2";
			developmentRegion = English;
			hasScannedForEncodings = 0;
			knownRegions = (
				en,
				Base,
			);
			mainGroup = FB02A37017C8F64A00381B9A;
			productRefGroup = FB02A37A17C8F64A00381B9A /* Products */;
			projectDirPath = "";
			projectRoot = "";
			targets = (
				FB02A37817C8F64A00381B9A /* Sandwich_iOS */,
				FB02A39F17C8F64B00381B9A /* Sandwich_iOSTests */,
			);
		};
/* End PBXProject section */

/* Begin PBXResourcesBuildPhase section */
		FB02A37717C8F64A00381B9A /* Resources */ = {
			isa = PBXResourcesBuildPhase;
			buildActionMask = 2147483647;
			files = (
				FB02A39317C8F64B00381B9A /* Main_iPad.storyboard in Resources */,
				FB02A39B17C8F64B00381B9A /* Images.xcassets in Resources */,
				FB02A39017C8F64B00381B9A /* Main_iPhone.storyboard in Resources */,
				FB02A38717C8F64B00381B9A /* InfoPlist.strings in Resources */,
			);
			runOnlyForDeploymentPostprocessing = 0;
		};
		FB02A39E17C8F64B00381B9A /* Resources */ = {
			isa = PBXResourcesBuildPhase;
			buildActionMask = 2147483647;
			files = (
				FB02A3AC17C8F64B00381B9A /* InfoPlist.strings in Resources */,
			);
			runOnlyForDeploymentPostprocessing = 0;
		};
/* End PBXResourcesBuildPhase section */

/* Begin PBXSourcesBuildPhase section */
		FB02A37517C8F64A00381B9A /* Sources */ = {
			isa = PBXSourcesBuildPhase;
			buildActionMask = 2147483647;
			files = (
				FB96BDC217DB9350002FD8FD /* SearchRunner.m in Sources */,
				FB4B9BA417CA58850018616F /* MainHandler.m in Sources */,
				FB614CBD17DF923A005E3F38 /* BootstrapManager.m in Sources */,
				FB4B9BA117C9CC6B0018616F /* ConnectionManager.m in Sources */,
				FB7D257917CBE64200540131 /* IndexDownloader.m in Sources */,
				FB96BDC817DB9953002FD8FD /* SearchResult.m in Sources */,
				FB4B9BA017C9CC660018616F /* Bootstrapper.m in Sources */,
				FB0AC79C17E4005200D9F75B /* DBHandlerWrapper.m in Sources */,
				FB4B9BA717CA932B0018616F /* SearchManager.m in Sources */,
				FB4B9B9817C9BDF80018616F /* DBManager.m in Sources */,
				FB4B9B9917C9BDF80018616F /* Peer.m in Sources */,
				FB02A39917C8F64B00381B9A /* SecondViewController.m in Sources */,
				FB02A38D17C8F64B00381B9A /* AppDelegate.m in Sources */,
				FB02A39617C8F64B00381B9A /* FirstViewController.m in Sources */,
				FB02A38917C8F64B00381B9A /* main.m in Sources */,
			);
			runOnlyForDeploymentPostprocessing = 0;
		};
		FB02A39C17C8F64B00381B9A /* Sources */ = {
			isa = PBXSourcesBuildPhase;
			buildActionMask = 2147483647;
			files = (
				FB02A3AE17C8F64B00381B9A /* Sandwich_iOSTests.m in Sources */,
			);
			runOnlyForDeploymentPostprocessing = 0;
		};
/* End PBXSourcesBuildPhase section */

/* Begin PBXTargetDependency section */
		FB02A3A617C8F64B00381B9A /* PBXTargetDependency */ = {
			isa = PBXTargetDependency;
			target = FB02A37817C8F64A00381B9A /* Sandwich_iOS */;
			targetProxy = FB02A3A517C8F64B00381B9A /* PBXContainerItemProxy */;
		};
/* End PBXTargetDependency section */

/* Begin PBXVariantGroup section */
		FB02A38517C8F64B00381B9A /* InfoPlist.strings */ = {
			isa = PBXVariantGroup;
			children = (
				FB02A38617C8F64B00381B9A /* en */,
			);
			name = InfoPlist.strings;
			sourceTree = "<group>";
		};
		FB02A38E17C8F64B00381B9A /* Main_iPhone.storyboard */ = {
			isa = PBXVariantGroup;
			children = (
				FB02A38F17C8F64B00381B9A /* Base */,
			);
			name = Main_iPhone.storyboard;
			sourceTree = "<group>";
		};
		FB02A39117C8F64B00381B9A /* Main_iPad.storyboard */ = {
			isa = PBXVariantGroup;
			children = (
				FB02A39217C8F64B00381B9A /* Base */,
			);
			name = Main_iPad.storyboard;
			sourceTree = "<group>";
		};
		FB02A3AA17C8F64B00381B9A /* InfoPlist.strings */ = {
			isa = PBXVariantGroup;
			children = (
				FB02A3AB17C8F64B00381B9A /* en */,
			);
			name = InfoPlist.strings;
			sourceTree = "<group>";
		};
/* End PBXVariantGroup section */

/* Begin XCBuildConfiguration section */
		FB02A3AF17C8F64B00381B9A /* Debug */ = {
			isa = XCBuildConfiguration;
			buildSettings = {
				ALWAYS_SEARCH_USER_PATHS = NO;
				CLANG_CXX_LANGUAGE_STANDARD = "gnu++0x";
				CLANG_CXX_LIBRARY = "libc++";
				CLANG_ENABLE_MODULES = YES;
				CLANG_ENABLE_OBJC_ARC = YES;
				CLANG_WARN_BOOL_CONVERSION = YES;
				CLANG_WARN_CONSTANT_CONVERSION = YES;
				CLANG_WARN_DIRECT_OBJC_ISA_USAGE = YES_ERROR;
				CLANG_WARN_EMPTY_BODY = YES;
				CLANG_WARN_ENUM_CONVERSION = YES;
				CLANG_WARN_INT_CONVERSION = YES;
				CLANG_WARN_OBJC_ROOT_CLASS = YES_ERROR;
				CLANG_WARN__DUPLICATE_METHOD_MATCH = YES;
				"CODE_SIGN_IDENTITY[sdk=iphoneos*]" = "iPhone Developer";
				COPY_PHASE_STRIP = NO;
				GCC_C_LANGUAGE_STANDARD = gnu99;
				GCC_DYNAMIC_NO_PIC = NO;
				GCC_OPTIMIZATION_LEVEL = 0;
				GCC_PREPROCESSOR_DEFINITIONS = (
					"DEBUG=1",
					"$(inherited)",
				);
				GCC_SYMBOLS_PRIVATE_EXTERN = NO;
				GCC_WARN_ABOUT_RETURN_TYPE = YES_ERROR;
				GCC_WARN_UNDECLARED_SELECTOR = YES;
				GCC_WARN_UNINITIALIZED_AUTOS = YES;
				GCC_WARN_UNUSED_FUNCTION = YES;
				GCC_WARN_UNUSED_VARIABLE = YES;
				IPHONEOS_DEPLOYMENT_TARGET = 7.0;
				ONLY_ACTIVE_ARCH = YES;
				SDKROOT = iphoneos;
				TARGETED_DEVICE_FAMILY = "1,2";
			};
			name = Debug;
		};
		FB02A3B017C8F64B00381B9A /* Release */ = {
			isa = XCBuildConfiguration;
			buildSettings = {
				ALWAYS_SEARCH_USER_PATHS = NO;
				CLANG_CXX_LANGUAGE_STANDARD = "gnu++0x";
				CLANG_CXX_LIBRARY = "libc++";
				CLANG_ENABLE_MODULES = YES;
				CLANG_ENABLE_OBJC_ARC = YES;
				CLANG_WARN_BOOL_CONVERSION = YES;
				CLANG_WARN_CONSTANT_CONVERSION = YES;
				CLANG_WARN_DIRECT_OBJC_ISA_USAGE = YES_ERROR;
				CLANG_WARN_EMPTY_BODY = YES;
				CLANG_WARN_ENUM_CONVERSION = YES;
				CLANG_WARN_INT_CONVERSION = YES;
				CLANG_WARN_OBJC_ROOT_CLASS = YES_ERROR;
				CLANG_WARN__DUPLICATE_METHOD_MATCH = YES;
				"CODE_SIGN_IDENTITY[sdk=iphoneos*]" = "iPhone Developer";
				COPY_PHASE_STRIP = YES;
				ENABLE_NS_ASSERTIONS = NO;
				GCC_C_LANGUAGE_STANDARD = gnu99;
				GCC_WARN_ABOUT_RETURN_TYPE = YES_ERROR;
				GCC_WARN_UNDECLARED_SELECTOR = YES;
				GCC_WARN_UNINITIALIZED_AUTOS = YES;
				GCC_WARN_UNUSED_FUNCTION = YES;
				GCC_WARN_UNUSED_VARIABLE = YES;
				IPHONEOS_DEPLOYMENT_TARGET = 7.0;
				SDKROOT = iphoneos;
				TARGETED_DEVICE_FAMILY = "1,2";
				VALIDATE_PRODUCT = YES;
			};
			name = Release;
		};
		FB02A3B217C8F64B00381B9A /* Debug */ = {
			isa = XCBuildConfiguration;
			buildSettings = {
				ASSETCATALOG_COMPILER_APPICON_NAME = AppIcon;
				ASSETCATALOG_COMPILER_LAUNCHIMAGE_NAME = LaunchImage;
				GCC_PRECOMPILE_PREFIX_HEADER = YES;
				GCC_PREFIX_HEADER = "Sandwich_iOS/Sandwich_iOS-Prefix.pch";
				INFOPLIST_FILE = "Sandwich_iOS/Sandwich_iOS-Info.plist";
				IPHONEOS_DEPLOYMENT_TARGET = 6.0;
				PRODUCT_NAME = "$(TARGET_NAME)";
				WRAPPER_EXTENSION = app;
			};
			name = Debug;
		};
		FB02A3B317C8F64B00381B9A /* Release */ = {
			isa = XCBuildConfiguration;
			buildSettings = {
				ASSETCATALOG_COMPILER_APPICON_NAME = AppIcon;
				ASSETCATALOG_COMPILER_LAUNCHIMAGE_NAME = LaunchImage;
				GCC_PRECOMPILE_PREFIX_HEADER = YES;
				GCC_PREFIX_HEADER = "Sandwich_iOS/Sandwich_iOS-Prefix.pch";
				INFOPLIST_FILE = "Sandwich_iOS/Sandwich_iOS-Info.plist";
				IPHONEOS_DEPLOYMENT_TARGET = 6.0;
				PRODUCT_NAME = "$(TARGET_NAME)";
				WRAPPER_EXTENSION = app;
			};
			name = Release;
		};
		FB02A3B517C8F64B00381B9A /* Debug */ = {
			isa = XCBuildConfiguration;
			buildSettings = {
				BUNDLE_LOADER = "$(BUILT_PRODUCTS_DIR)/Sandwich_iOS.app/Sandwich_iOS";
				FRAMEWORK_SEARCH_PATHS = (
					"$(SDKROOT)/Developer/Library/Frameworks",
					"$(inherited)",
					"$(SYSTEM_APPS_DIR)/Xcode5-DP.app/Contents/Developer/Library/Frameworks",
				);
				GCC_PRECOMPILE_PREFIX_HEADER = YES;
				GCC_PREFIX_HEADER = "Sandwich_iOS/Sandwich_iOS-Prefix.pch";
				GCC_PREPROCESSOR_DEFINITIONS = (
					"DEBUG=1",
					"$(inherited)",
				);
				INFOPLIST_FILE = "Sandwich_iOSTests/Sandwich_iOSTests-Info.plist";
				PRODUCT_NAME = "$(TARGET_NAME)";
				TEST_HOST = "$(BUNDLE_LOADER)";
				WRAPPER_EXTENSION = xctest;
			};
			name = Debug;
		};
		FB02A3B617C8F64B00381B9A /* Release */ = {
			isa = XCBuildConfiguration;
			buildSettings = {
				BUNDLE_LOADER = "$(BUILT_PRODUCTS_DIR)/Sandwich_iOS.app/Sandwich_iOS";
				FRAMEWORK_SEARCH_PATHS = (
					"$(SDKROOT)/Developer/Library/Frameworks",
					"$(inherited)",
					"$(SYSTEM_APPS_DIR)/Xcode5-DP.app/Contents/Developer/Library/Frameworks",
				);
				GCC_PRECOMPILE_PREFIX_HEADER = YES;
				GCC_PREFIX_HEADER = "Sandwich_iOS/Sandwich_iOS-Prefix.pch";
				INFOPLIST_FILE = "Sandwich_iOSTests/Sandwich_iOSTests-Info.plist";
				PRODUCT_NAME = "$(TARGET_NAME)";
				TEST_HOST = "$(BUNDLE_LOADER)";
				WRAPPER_EXTENSION = xctest;
			};
			name = Release;
		};
/* End XCBuildConfiguration section */

/* Begin XCConfigurationList section */
		FB02A37417C8F64A00381B9A /* Build configuration list for PBXProject "Sandwich_iOS" */ = {
			isa = XCConfigurationList;
			buildConfigurations = (
				FB02A3AF17C8F64B00381B9A /* Debug */,
				FB02A3B017C8F64B00381B9A /* Release */,
			);
			defaultConfigurationIsVisible = 0;
			defaultConfigurationName = Release;
		};
		FB02A3B117C8F64B00381B9A /* Build configuration list for PBXNativeTarget "Sandwich_iOS" */ = {
			isa = XCConfigurationList;
			buildConfigurations = (
				FB02A3B217C8F64B00381B9A /* Debug */,
				FB02A3B317C8F64B00381B9A /* Release */,
			);
			defaultConfigurationIsVisible = 0;
			defaultConfigurationName = Release;
		};
		FB02A3B417C8F64B00381B9A /* Build configuration list for PBXNativeTarget "Sandwich_iOSTests" */ = {
			isa = XCConfigurationList;
			buildConfigurations = (
				FB02A3B517C8F64B00381B9A /* Debug */,
				FB02A3B617C8F64B00381B9A /* Release */,
			);
			defaultConfigurationIsVisible = 0;
			defaultConfigurationName = Release;
		};
/* End XCConfigurationList section */
	};
	rootObject = FB02A37117C8F64A00381B9A /* Project object */;
}
