// !$*UTF8*$!
{
	archiveVersion = 1;
	classes = {
	};
	objectVersion = 46;
	objects = {

/* Begin PBXBuildFile section */
		FB10B70D1716525F00C3707E /* UIKit.framework in Frameworks */ = {isa = PBXBuildFile; fileRef = FB10B70C1716525F00C3707E /* UIKit.framework */; };
		FB10B70F1716525F00C3707E /* Foundation.framework in Frameworks */ = {isa = PBXBuildFile; fileRef = FB10B70E1716525F00C3707E /* Foundation.framework */; };
		FB10B7111716525F00C3707E /* CoreGraphics.framework in Frameworks */ = {isa = PBXBuildFile; fileRef = FB10B7101716525F00C3707E /* CoreGraphics.framework */; };
		FB10B7171716525F00C3707E /* InfoPlist.strings in Resources */ = {isa = PBXBuildFile; fileRef = FB10B7151716525F00C3707E /* InfoPlist.strings */; };
		FB10B7191716525F00C3707E /* main.m in Sources */ = {isa = PBXBuildFile; fileRef = FB10B7181716525F00C3707E /* main.m */; };
		FB10B71D1716525F00C3707E /* AppDelegate.m in Sources */ = {isa = PBXBuildFile; fileRef = FB10B71C1716525F00C3707E /* AppDelegate.m */; };
		FB10B71F1716525F00C3707E /* Default.png in Resources */ = {isa = PBXBuildFile; fileRef = FB10B71E1716525F00C3707E /* Default.png */; };
		FB10B7211716525F00C3707E /* Default@2x.png in Resources */ = {isa = PBXBuildFile; fileRef = FB10B7201716525F00C3707E /* Default@2x.png */; };
		FB10B7231716525F00C3707E /* Default-568h@2x.png in Resources */ = {isa = PBXBuildFile; fileRef = FB10B7221716525F00C3707E /* Default-568h@2x.png */; };
		FB10B7261716525F00C3707E /* ViewController.m in Sources */ = {isa = PBXBuildFile; fileRef = FB10B7251716525F00C3707E /* ViewController.m */; };
		FB10B7291716525F00C3707E /* ViewController_iPhone.xib in Resources */ = {isa = PBXBuildFile; fileRef = FB10B7271716525F00C3707E /* ViewController_iPhone.xib */; };
		FB10B72C1716525F00C3707E /* ViewController_iPad.xib in Resources */ = {isa = PBXBuildFile; fileRef = FB10B72A1716525F00C3707E /* ViewController_iPad.xib */; };
		FB10B7341716525F00C3707E /* SenTestingKit.framework in Frameworks */ = {isa = PBXBuildFile; fileRef = FB10B7331716525F00C3707E /* SenTestingKit.framework */; };
		FB10B7351716525F00C3707E /* UIKit.framework in Frameworks */ = {isa = PBXBuildFile; fileRef = FB10B70C1716525F00C3707E /* UIKit.framework */; };
		FB10B7361716525F00C3707E /* Foundation.framework in Frameworks */ = {isa = PBXBuildFile; fileRef = FB10B70E1716525F00C3707E /* Foundation.framework */; };
		FB10B73E1716525F00C3707E /* InfoPlist.strings in Resources */ = {isa = PBXBuildFile; fileRef = FB10B73C1716525F00C3707E /* InfoPlist.strings */; };
		FB10B7411716525F00C3707E /* SandwichTests.m in Sources */ = {isa = PBXBuildFile; fileRef = FB10B7401716525F00C3707E /* SandwichTests.m */; };
		FB10B7521717127000C3707E /* Bootstrapper.m in Sources */ = {isa = PBXBuildFile; fileRef = FB10B74B1717127000C3707E /* Bootstrapper.m */; };
		FB10B7531717127000C3707E /* IndexDownloadThread.m in Sources */ = {isa = PBXBuildFile; fileRef = FB10B74D1717127000C3707E /* IndexDownloadThread.m */; };
		FB10B7541717127000C3707E /* Peer.m in Sources */ = {isa = PBXBuildFile; fileRef = FB10B74F1717127000C3707E /* Peer.m */; };
		FB10B7551717127000C3707E /* Search.m in Sources */ = {isa = PBXBuildFile; fileRef = FB10B7511717127000C3707E /* Search.m */; };
		FB10B7571717138600C3707E /* libsqlite3.dylib in Frameworks */ = {isa = PBXBuildFile; fileRef = FB10B7561717138600C3707E /* libsqlite3.dylib */; };
/* End PBXBuildFile section */

/* Begin PBXContainerItemProxy section */
		FB10B7371716525F00C3707E /* PBXContainerItemProxy */ = {
			isa = PBXContainerItemProxy;
			containerPortal = FB10B7011716525E00C3707E /* Project object */;
			proxyType = 1;
			remoteGlobalIDString = FB10B7081716525F00C3707E;
			remoteInfo = Sandwich;
		};
/* End PBXContainerItemProxy section */

/* Begin PBXFileReference section */
		FB10B7091716525F00C3707E /* Sandwich.app */ = {isa = PBXFileReference; explicitFileType = wrapper.application; includeInIndex = 0; path = Sandwich.app; sourceTree = BUILT_PRODUCTS_DIR; };
		FB10B70C1716525F00C3707E /* UIKit.framework */ = {isa = PBXFileReference; lastKnownFileType = wrapper.framework; name = UIKit.framework; path = System/Library/Frameworks/UIKit.framework; sourceTree = SDKROOT; };
		FB10B70E1716525F00C3707E /* Foundation.framework */ = {isa = PBXFileReference; lastKnownFileType = wrapper.framework; name = Foundation.framework; path = System/Library/Frameworks/Foundation.framework; sourceTree = SDKROOT; };
		FB10B7101716525F00C3707E /* CoreGraphics.framework */ = {isa = PBXFileReference; lastKnownFileType = wrapper.framework; name = CoreGraphics.framework; path = System/Library/Frameworks/CoreGraphics.framework; sourceTree = SDKROOT; };
		FB10B7141716525F00C3707E /* Sandwich-Info.plist */ = {isa = PBXFileReference; lastKnownFileType = text.plist.xml; path = "Sandwich-Info.plist"; sourceTree = "<group>"; };
		FB10B7161716525F00C3707E /* en */ = {isa = PBXFileReference; lastKnownFileType = text.plist.strings; name = en; path = en.lproj/InfoPlist.strings; sourceTree = "<group>"; };
		FB10B7181716525F00C3707E /* main.m */ = {isa = PBXFileReference; lastKnownFileType = sourcecode.c.objc; path = main.m; sourceTree = "<group>"; };
		FB10B71A1716525F00C3707E /* Sandwich-Prefix.pch */ = {isa = PBXFileReference; lastKnownFileType = sourcecode.c.h; path = "Sandwich-Prefix.pch"; sourceTree = "<group>"; };
		FB10B71B1716525F00C3707E /* AppDelegate.h */ = {isa = PBXFileReference; lastKnownFileType = sourcecode.c.h; path = AppDelegate.h; sourceTree = "<group>"; };
		FB10B71C1716525F00C3707E /* AppDelegate.m */ = {isa = PBXFileReference; lastKnownFileType = sourcecode.c.objc; path = AppDelegate.m; sourceTree = "<group>"; };
		FB10B71E1716525F00C3707E /* Default.png */ = {isa = PBXFileReference; lastKnownFileType = image.png; path = Default.png; sourceTree = "<group>"; };
		FB10B7201716525F00C3707E /* Default@2x.png */ = {isa = PBXFileReference; lastKnownFileType = image.png; path = "Default@2x.png"; sourceTree = "<group>"; };
		FB10B7221716525F00C3707E /* Default-568h@2x.png */ = {isa = PBXFileReference; lastKnownFileType = image.png; path = "Default-568h@2x.png"; sourceTree = "<group>"; };
		FB10B7241716525F00C3707E /* ViewController.h */ = {isa = PBXFileReference; lastKnownFileType = sourcecode.c.h; path = ViewController.h; sourceTree = "<group>"; };
		FB10B7251716525F00C3707E /* ViewController.m */ = {isa = PBXFileReference; lastKnownFileType = sourcecode.c.objc; path = ViewController.m; sourceTree = "<group>"; };
		FB10B7281716525F00C3707E /* en */ = {isa = PBXFileReference; lastKnownFileType = file.xib; name = en; path = en.lproj/ViewController_iPhone.xib; sourceTree = "<group>"; };
		FB10B72B1716525F00C3707E /* en */ = {isa = PBXFileReference; lastKnownFileType = file.xib; name = en; path = en.lproj/ViewController_iPad.xib; sourceTree = "<group>"; };
		FB10B7321716525F00C3707E /* SandwichTests.octest */ = {isa = PBXFileReference; explicitFileType = wrapper.cfbundle; includeInIndex = 0; path = SandwichTests.octest; sourceTree = BUILT_PRODUCTS_DIR; };
		FB10B7331716525F00C3707E /* SenTestingKit.framework */ = {isa = PBXFileReference; lastKnownFileType = wrapper.framework; name = SenTestingKit.framework; path = Library/Frameworks/SenTestingKit.framework; sourceTree = DEVELOPER_DIR; };
		FB10B73B1716525F00C3707E /* SandwichTests-Info.plist */ = {isa = PBXFileReference; lastKnownFileType = text.plist.xml; path = "SandwichTests-Info.plist"; sourceTree = "<group>"; };
		FB10B73D1716525F00C3707E /* en */ = {isa = PBXFileReference; lastKnownFileType = text.plist.strings; name = en; path = en.lproj/InfoPlist.strings; sourceTree = "<group>"; };
		FB10B73F1716525F00C3707E /* SandwichTests.h */ = {isa = PBXFileReference; lastKnownFileType = sourcecode.c.h; path = SandwichTests.h; sourceTree = "<group>"; };
		FB10B7401716525F00C3707E /* SandwichTests.m */ = {isa = PBXFileReference; lastKnownFileType = sourcecode.c.objc; path = SandwichTests.m; sourceTree = "<group>"; };
		FB10B74A1717127000C3707E /* Bootstrapper.h */ = {isa = PBXFileReference; fileEncoding = 4; lastKnownFileType = sourcecode.c.h; path = Bootstrapper.h; sourceTree = "<group>"; };
		FB10B74B1717127000C3707E /* Bootstrapper.m */ = {isa = PBXFileReference; fileEncoding = 4; lastKnownFileType = sourcecode.c.objc; path = Bootstrapper.m; sourceTree = "<group>"; };
		FB10B74C1717127000C3707E /* IndexDownloadThread.h */ = {isa = PBXFileReference; fileEncoding = 4; lastKnownFileType = sourcecode.c.h; path = IndexDownloadThread.h; sourceTree = "<group>"; };
		FB10B74D1717127000C3707E /* IndexDownloadThread.m */ = {isa = PBXFileReference; fileEncoding = 4; lastKnownFileType = sourcecode.c.objc; path = IndexDownloadThread.m; sourceTree = "<group>"; };
		FB10B74E1717127000C3707E /* Peer.h */ = {isa = PBXFileReference; fileEncoding = 4; lastKnownFileType = sourcecode.c.h; path = Peer.h; sourceTree = "<group>"; };
		FB10B74F1717127000C3707E /* Peer.m */ = {isa = PBXFileReference; fileEncoding = 4; lastKnownFileType = sourcecode.c.objc; path = Peer.m; sourceTree = "<group>"; };
		FB10B7501717127000C3707E /* Search.h */ = {isa = PBXFileReference; fileEncoding = 4; lastKnownFileType = sourcecode.c.h; path = Search.h; sourceTree = "<group>"; };
		FB10B7511717127000C3707E /* Search.m */ = {isa = PBXFileReference; fileEncoding = 4; lastKnownFileType = sourcecode.c.objc; path = Search.m; sourceTree = "<group>"; };
		FB10B7561717138600C3707E /* libsqlite3.dylib */ = {isa = PBXFileReference; lastKnownFileType = "compiled.mach-o.dylib"; name = libsqlite3.dylib; path = usr/lib/libsqlite3.dylib; sourceTree = SDKROOT; };
		FB10B75817172CBE00C3707E /* Peerlist.h */ = {isa = PBXFileReference; fileEncoding = 4; lastKnownFileType = sourcecode.c.h; path = Peerlist.h; sourceTree = "<group>"; };
/* End PBXFileReference section */

/* Begin PBXFrameworksBuildPhase section */
		FB10B7061716525F00C3707E /* Frameworks */ = {
			isa = PBXFrameworksBuildPhase;
			buildActionMask = 2147483647;
			files = (
				FB10B7571717138600C3707E /* libsqlite3.dylib in Frameworks */,
				FB10B70D1716525F00C3707E /* UIKit.framework in Frameworks */,
				FB10B70F1716525F00C3707E /* Foundation.framework in Frameworks */,
				FB10B7111716525F00C3707E /* CoreGraphics.framework in Frameworks */,
			);
			runOnlyForDeploymentPostprocessing = 0;
		};
		FB10B72E1716525F00C3707E /* Frameworks */ = {
			isa = PBXFrameworksBuildPhase;
			buildActionMask = 2147483647;
			files = (
				FB10B7341716525F00C3707E /* SenTestingKit.framework in Frameworks */,
				FB10B7351716525F00C3707E /* UIKit.framework in Frameworks */,
				FB10B7361716525F00C3707E /* Foundation.framework in Frameworks */,
			);
			runOnlyForDeploymentPostprocessing = 0;
		};
/* End PBXFrameworksBuildPhase section */

/* Begin PBXGroup section */
		FB10B7001716525E00C3707E = {
			isa = PBXGroup;
			children = (
				FB10B7561717138600C3707E /* libsqlite3.dylib */,
				FB10B7121716525F00C3707E /* Sandwich */,
				FB10B7391716525F00C3707E /* SandwichTests */,
				FB10B70B1716525F00C3707E /* Frameworks */,
				FB10B70A1716525F00C3707E /* Products */,
			);
			sourceTree = "<group>";
		};
		FB10B70A1716525F00C3707E /* Products */ = {
			isa = PBXGroup;
			children = (
				FB10B7091716525F00C3707E /* Sandwich.app */,
				FB10B7321716525F00C3707E /* SandwichTests.octest */,
			);
			name = Products;
			sourceTree = "<group>";
		};
		FB10B70B1716525F00C3707E /* Frameworks */ = {
			isa = PBXGroup;
			children = (
				FB10B70C1716525F00C3707E /* UIKit.framework */,
				FB10B70E1716525F00C3707E /* Foundation.framework */,
				FB10B7101716525F00C3707E /* CoreGraphics.framework */,
				FB10B7331716525F00C3707E /* SenTestingKit.framework */,
			);
			name = Frameworks;
			sourceTree = "<group>";
		};
		FB10B7121716525F00C3707E /* Sandwich */ = {
			isa = PBXGroup;
			children = (
				FB10B74A1717127000C3707E /* Bootstrapper.h */,
				FB10B74B1717127000C3707E /* Bootstrapper.m */,
				FB10B74C1717127000C3707E /* IndexDownloadThread.h */,
				FB10B74D1717127000C3707E /* IndexDownloadThread.m */,
				FB10B74E1717127000C3707E /* Peer.h */,
				FB10B74F1717127000C3707E /* Peer.m */,
				FB10B7501717127000C3707E /* Search.h */,
				FB10B7511717127000C3707E /* Search.m */,
				FB10B71B1716525F00C3707E /* AppDelegate.h */,
				FB10B71C1716525F00C3707E /* AppDelegate.m */,
				FB10B7241716525F00C3707E /* ViewController.h */,
				FB10B7251716525F00C3707E /* ViewController.m */,
				FB10B7271716525F00C3707E /* ViewController_iPhone.xib */,
				FB10B72A1716525F00C3707E /* ViewController_iPad.xib */,
				FB10B7131716525F00C3707E /* Supporting Files */,
			);
			path = Sandwich;
			sourceTree = "<group>";
		};
		FB10B7131716525F00C3707E /* Supporting Files */ = {
			isa = PBXGroup;
			children = (
				FB10B7141716525F00C3707E /* Sandwich-Info.plist */,
				FB10B7151716525F00C3707E /* InfoPlist.strings */,
				FB10B7181716525F00C3707E /* main.m */,
				FB10B71A1716525F00C3707E /* Sandwich-Prefix.pch */,
				FB10B71E1716525F00C3707E /* Default.png */,
				FB10B7201716525F00C3707E /* Default@2x.png */,
				FB10B7221716525F00C3707E /* Default-568h@2x.png */,
				FB10B75817172CBE00C3707E /* Peerlist.h */,
			);
			name = "Supporting Files";
			sourceTree = "<group>";
		};
		FB10B7391716525F00C3707E /* SandwichTests */ = {
			isa = PBXGroup;
			children = (
				FB10B73F1716525F00C3707E /* SandwichTests.h */,
				FB10B7401716525F00C3707E /* SandwichTests.m */,
				FB10B73A1716525F00C3707E /* Supporting Files */,
			);
			path = SandwichTests;
			sourceTree = "<group>";
		};
		FB10B73A1716525F00C3707E /* Supporting Files */ = {
			isa = PBXGroup;
			children = (
				FB10B73B1716525F00C3707E /* SandwichTests-Info.plist */,
				FB10B73C1716525F00C3707E /* InfoPlist.strings */,
			);
			name = "Supporting Files";
			sourceTree = "<group>";
		};
/* End PBXGroup section */

/* Begin PBXNativeTarget section */
		FB10B7081716525F00C3707E /* Sandwich */ = {
			isa = PBXNativeTarget;
			buildConfigurationList = FB10B7441716525F00C3707E /* Build configuration list for PBXNativeTarget "Sandwich" */;
			buildPhases = (
				FB10B7051716525F00C3707E /* Sources */,
				FB10B7061716525F00C3707E /* Frameworks */,
				FB10B7071716525F00C3707E /* Resources */,
			);
			buildRules = (
			);
			dependencies = (
			);
			name = Sandwich;
			productName = Sandwich;
			productReference = FB10B7091716525F00C3707E /* Sandwich.app */;
			productType = "com.apple.product-type.application";
		};
		FB10B7311716525F00C3707E /* SandwichTests */ = {
			isa = PBXNativeTarget;
			buildConfigurationList = FB10B7471716525F00C3707E /* Build configuration list for PBXNativeTarget "SandwichTests" */;
			buildPhases = (
				FB10B72D1716525F00C3707E /* Sources */,
				FB10B72E1716525F00C3707E /* Frameworks */,
				FB10B72F1716525F00C3707E /* Resources */,
				FB10B7301716525F00C3707E /* ShellScript */,
			);
			buildRules = (
			);
			dependencies = (
				FB10B7381716525F00C3707E /* PBXTargetDependency */,
			);
			name = SandwichTests;
			productName = SandwichTests;
			productReference = FB10B7321716525F00C3707E /* SandwichTests.octest */;
			productType = "com.apple.product-type.bundle";
		};
/* End PBXNativeTarget section */

/* Begin PBXProject section */
		FB10B7011716525E00C3707E /* Project object */ = {
			isa = PBXProject;
			attributes = {
				LastUpgradeCheck = 0460;
				ORGANIZATIONNAME = "Diego Waxemberg";
			};
			buildConfigurationList = FB10B7041716525E00C3707E /* Build configuration list for PBXProject "Sandwich" */;
			compatibilityVersion = "Xcode 3.2";
			developmentRegion = English;
			hasScannedForEncodings = 0;
			knownRegions = (
				en,
			);
			mainGroup = FB10B7001716525E00C3707E;
			productRefGroup = FB10B70A1716525F00C3707E /* Products */;
			projectDirPath = "";
			projectRoot = "";
			targets = (
				FB10B7081716525F00C3707E /* Sandwich */,
				FB10B7311716525F00C3707E /* SandwichTests */,
			);
		};
/* End PBXProject section */

/* Begin PBXResourcesBuildPhase section */
		FB10B7071716525F00C3707E /* Resources */ = {
			isa = PBXResourcesBuildPhase;
			buildActionMask = 2147483647;
			files = (
				FB10B7171716525F00C3707E /* InfoPlist.strings in Resources */,
				FB10B71F1716525F00C3707E /* Default.png in Resources */,
				FB10B7211716525F00C3707E /* Default@2x.png in Resources */,
				FB10B7231716525F00C3707E /* Default-568h@2x.png in Resources */,
				FB10B7291716525F00C3707E /* ViewController_iPhone.xib in Resources */,
				FB10B72C1716525F00C3707E /* ViewController_iPad.xib in Resources */,
			);
			runOnlyForDeploymentPostprocessing = 0;
		};
		FB10B72F1716525F00C3707E /* Resources */ = {
			isa = PBXResourcesBuildPhase;
			buildActionMask = 2147483647;
			files = (
				FB10B73E1716525F00C3707E /* InfoPlist.strings in Resources */,
			);
			runOnlyForDeploymentPostprocessing = 0;
		};
/* End PBXResourcesBuildPhase section */

/* Begin PBXShellScriptBuildPhase section */
		FB10B7301716525F00C3707E /* ShellScript */ = {
			isa = PBXShellScriptBuildPhase;
			buildActionMask = 2147483647;
			files = (
			);
			inputPaths = (
			);
			outputPaths = (
			);
			runOnlyForDeploymentPostprocessing = 0;
			shellPath = /bin/sh;
			shellScript = "# Run the unit tests in this test bundle.\n\"${SYSTEM_DEVELOPER_DIR}/Tools/RunUnitTests\"\n";
		};
/* End PBXShellScriptBuildPhase section */

/* Begin PBXSourcesBuildPhase section */
		FB10B7051716525F00C3707E /* Sources */ = {
			isa = PBXSourcesBuildPhase;
			buildActionMask = 2147483647;
			files = (
				FB10B7191716525F00C3707E /* main.m in Sources */,
				FB10B71D1716525F00C3707E /* AppDelegate.m in Sources */,
				FB10B7261716525F00C3707E /* ViewController.m in Sources */,
				FB10B7521717127000C3707E /* Bootstrapper.m in Sources */,
				FB10B7531717127000C3707E /* IndexDownloadThread.m in Sources */,
				FB10B7541717127000C3707E /* Peer.m in Sources */,
				FB10B7551717127000C3707E /* Search.m in Sources */,
			);
			runOnlyForDeploymentPostprocessing = 0;
		};
		FB10B72D1716525F00C3707E /* Sources */ = {
			isa = PBXSourcesBuildPhase;
			buildActionMask = 2147483647;
			files = (
				FB10B7411716525F00C3707E /* SandwichTests.m in Sources */,
			);
			runOnlyForDeploymentPostprocessing = 0;
		};
/* End PBXSourcesBuildPhase section */

/* Begin PBXTargetDependency section */
		FB10B7381716525F00C3707E /* PBXTargetDependency */ = {
			isa = PBXTargetDependency;
			target = FB10B7081716525F00C3707E /* Sandwich */;
			targetProxy = FB10B7371716525F00C3707E /* PBXContainerItemProxy */;
		};
/* End PBXTargetDependency section */

/* Begin PBXVariantGroup section */
		FB10B7151716525F00C3707E /* InfoPlist.strings */ = {
			isa = PBXVariantGroup;
			children = (
				FB10B7161716525F00C3707E /* en */,
			);
			name = InfoPlist.strings;
			sourceTree = "<group>";
		};
		FB10B7271716525F00C3707E /* ViewController_iPhone.xib */ = {
			isa = PBXVariantGroup;
			children = (
				FB10B7281716525F00C3707E /* en */,
			);
			name = ViewController_iPhone.xib;
			sourceTree = "<group>";
		};
		FB10B72A1716525F00C3707E /* ViewController_iPad.xib */ = {
			isa = PBXVariantGroup;
			children = (
				FB10B72B1716525F00C3707E /* en */,
			);
			name = ViewController_iPad.xib;
			sourceTree = "<group>";
		};
		FB10B73C1716525F00C3707E /* InfoPlist.strings */ = {
			isa = PBXVariantGroup;
			children = (
				FB10B73D1716525F00C3707E /* en */,
			);
			name = InfoPlist.strings;
			sourceTree = "<group>";
		};
/* End PBXVariantGroup section */

/* Begin XCBuildConfiguration section */
		FB10B7421716525F00C3707E /* Debug */ = {
			isa = XCBuildConfiguration;
			buildSettings = {
				ALWAYS_SEARCH_USER_PATHS = NO;
				CLANG_CXX_LANGUAGE_STANDARD = "gnu++0x";
				CLANG_CXX_LIBRARY = "libc++";
				CLANG_ENABLE_OBJC_ARC = YES;
				CLANG_WARN_CONSTANT_CONVERSION = YES;
				CLANG_WARN_EMPTY_BODY = YES;
				CLANG_WARN_ENUM_CONVERSION = YES;
				CLANG_WARN_INT_CONVERSION = YES;
				CLANG_WARN__DUPLICATE_METHOD_MATCH = YES;
				"CODE_SIGN_IDENTITY[sdk=iphoneos*]" = "iPhone Developer";
				COPY_PHASE_STRIP = NO;
				GCC_C_LANGUAGE_STANDARD = gnu99;
				GCC_DYNAMIC_NO_PIC = NO;
				GCC_OPTIMIZATION_LEVEL = 0;
				GCC_PREPROCESSOR_DEFINITIONS = (
					"DEBUG=1",
					"$(inherited)",
				);
				GCC_SYMBOLS_PRIVATE_EXTERN = NO;
				GCC_WARN_ABOUT_RETURN_TYPE = YES;
				GCC_WARN_UNINITIALIZED_AUTOS = YES;
				GCC_WARN_UNUSED_VARIABLE = YES;
				IPHONEOS_DEPLOYMENT_TARGET = 6.1;
				ONLY_ACTIVE_ARCH = YES;
				SDKROOT = iphoneos;
				TARGETED_DEVICE_FAMILY = "1,2";
			};
			name = Debug;
		};
		FB10B7431716525F00C3707E /* Release */ = {
			isa = XCBuildConfiguration;
			buildSettings = {
				ALWAYS_SEARCH_USER_PATHS = NO;
				CLANG_CXX_LANGUAGE_STANDARD = "gnu++0x";
				CLANG_CXX_LIBRARY = "libc++";
				CLANG_ENABLE_OBJC_ARC = YES;
				CLANG_WARN_CONSTANT_CONVERSION = YES;
				CLANG_WARN_EMPTY_BODY = YES;
				CLANG_WARN_ENUM_CONVERSION = YES;
				CLANG_WARN_INT_CONVERSION = YES;
				CLANG_WARN__DUPLICATE_METHOD_MATCH = YES;
				"CODE_SIGN_IDENTITY[sdk=iphoneos*]" = "iPhone Developer";
				COPY_PHASE_STRIP = YES;
				GCC_C_LANGUAGE_STANDARD = gnu99;
				GCC_WARN_ABOUT_RETURN_TYPE = YES;
				GCC_WARN_UNINITIALIZED_AUTOS = YES;
				GCC_WARN_UNUSED_VARIABLE = YES;
				IPHONEOS_DEPLOYMENT_TARGET = 6.1;
				OTHER_CFLAGS = "-DNS_BLOCK_ASSERTIONS=1";
				SDKROOT = iphoneos;
				TARGETED_DEVICE_FAMILY = "1,2";
				VALIDATE_PRODUCT = YES;
			};
			name = Release;
		};
		FB10B7451716525F00C3707E /* Debug */ = {
			isa = XCBuildConfiguration;
			buildSettings = {
				GCC_PRECOMPILE_PREFIX_HEADER = YES;
				GCC_PREFIX_HEADER = "Sandwich/Sandwich-Prefix.pch";
				INFOPLIST_FILE = "Sandwich/Sandwich-Info.plist";
				IPHONEOS_DEPLOYMENT_TARGET = 5.1;
				PRODUCT_NAME = "$(TARGET_NAME)";
				WRAPPER_EXTENSION = app;
			};
			name = Debug;
		};
		FB10B7461716525F00C3707E /* Release */ = {
			isa = XCBuildConfiguration;
			buildSettings = {
				GCC_PRECOMPILE_PREFIX_HEADER = YES;
				GCC_PREFIX_HEADER = "Sandwich/Sandwich-Prefix.pch";
				INFOPLIST_FILE = "Sandwich/Sandwich-Info.plist";
				IPHONEOS_DEPLOYMENT_TARGET = 5.1;
				PRODUCT_NAME = "$(TARGET_NAME)";
				WRAPPER_EXTENSION = app;
			};
			name = Release;
		};
		FB10B7481716525F00C3707E /* Debug */ = {
			isa = XCBuildConfiguration;
			buildSettings = {
				BUNDLE_LOADER = "$(BUILT_PRODUCTS_DIR)/Sandwich.app/Sandwich";
				FRAMEWORK_SEARCH_PATHS = (
					"\"$(SDKROOT)/Developer/Library/Frameworks\"",
					"\"$(DEVELOPER_LIBRARY_DIR)/Frameworks\"",
				);
				GCC_PRECOMPILE_PREFIX_HEADER = YES;
				GCC_PREFIX_HEADER = "Sandwich/Sandwich-Prefix.pch";
				INFOPLIST_FILE = "SandwichTests/SandwichTests-Info.plist";
				PRODUCT_NAME = "$(TARGET_NAME)";
				TEST_HOST = "$(BUNDLE_LOADER)";
				WRAPPER_EXTENSION = octest;
			};
			name = Debug;
		};
		FB10B7491716525F00C3707E /* Release */ = {
			isa = XCBuildConfiguration;
			buildSettings = {
				BUNDLE_LOADER = "$(BUILT_PRODUCTS_DIR)/Sandwich.app/Sandwich";
				FRAMEWORK_SEARCH_PATHS = (
					"\"$(SDKROOT)/Developer/Library/Frameworks\"",
					"\"$(DEVELOPER_LIBRARY_DIR)/Frameworks\"",
				);
				GCC_PRECOMPILE_PREFIX_HEADER = YES;
				GCC_PREFIX_HEADER = "Sandwich/Sandwich-Prefix.pch";
				INFOPLIST_FILE = "SandwichTests/SandwichTests-Info.plist";
				PRODUCT_NAME = "$(TARGET_NAME)";
				TEST_HOST = "$(BUNDLE_LOADER)";
				WRAPPER_EXTENSION = octest;
			};
			name = Release;
		};
/* End XCBuildConfiguration section */

/* Begin XCConfigurationList section */
		FB10B7041716525E00C3707E /* Build configuration list for PBXProject "Sandwich" */ = {
			isa = XCConfigurationList;
			buildConfigurations = (
				FB10B7421716525F00C3707E /* Debug */,
				FB10B7431716525F00C3707E /* Release */,
			);
			defaultConfigurationIsVisible = 0;
			defaultConfigurationName = Release;
		};
		FB10B7441716525F00C3707E /* Build configuration list for PBXNativeTarget "Sandwich" */ = {
			isa = XCConfigurationList;
			buildConfigurations = (
				FB10B7451716525F00C3707E /* Debug */,
				FB10B7461716525F00C3707E /* Release */,
			);
			defaultConfigurationIsVisible = 0;
		};
		FB10B7471716525F00C3707E /* Build configuration list for PBXNativeTarget "SandwichTests" */ = {
			isa = XCConfigurationList;
			buildConfigurations = (
				FB10B7481716525F00C3707E /* Debug */,
				FB10B7491716525F00C3707E /* Release */,
			);
			defaultConfigurationIsVisible = 0;
		};
/* End XCConfigurationList section */
	};
	rootObject = FB10B7011716525E00C3707E /* Project object */;
}
